// !$*UTF8*$!
{
	archiveVersion = 1;
	classes = {
	};
	objectVersion = 56;
	objects = {

/* Begin PBXBuildFile section */
		0EEE444C2A0E5BDC0040E38B /* RandomUsersApp.swift in Sources */ = {isa = PBXBuildFile; fileRef = 0EEE444B2A0E5BDC0040E38B /* RandomUsersApp.swift */; };
		0EEE444E2A0E5BDC0040E38B /* ContentView.swift in Sources */ = {isa = PBXBuildFile; fileRef = 0EEE444D2A0E5BDC0040E38B /* ContentView.swift */; };
		0EEE44502A0E5BDD0040E38B /* Assets.xcassets in Resources */ = {isa = PBXBuildFile; fileRef = 0EEE444F2A0E5BDD0040E38B /* Assets.xcassets */; };
		0EEE44532A0E5BDD0040E38B /* Preview Assets.xcassets in Resources */ = {isa = PBXBuildFile; fileRef = 0EEE44522A0E5BDD0040E38B /* Preview Assets.xcassets */; };
		0EEE445A2A0E5C730040E38B /* UserFecthingClient.swift in Sources */ = {isa = PBXBuildFile; fileRef = 0EEE44592A0E5C730040E38B /* UserFecthingClient.swift */; };
		0EEE445C2A0E5DF60040E38B /* UserData.swift in Sources */ = {isa = PBXBuildFile; fileRef = 0EEE445B2A0E5DF60040E38B /* UserData.swift */; };
		0EEE445E2A0E5EA30040E38B /* UsersView.swift in Sources */ = {isa = PBXBuildFile; fileRef = 0EEE445D2A0E5EA30040E38B /* UsersView.swift */; };
		0EEE44602A0E636F0040E38B /* User.swift in Sources */ = {isa = PBXBuildFile; fileRef = 0EEE445F2A0E636F0040E38B /* User.swift */; };
		0EF2E2942A0E9918000BA8E1 /* randomUsers.json in Resources */ = {isa = PBXBuildFile; fileRef = 0EF2E2932A0E9918000BA8E1 /* randomUsers.json */; };
		0EF2E2A22A0E9B0C000BA8E1 /* RandomUsersTests.swift in Sources */ = {isa = PBXBuildFile; fileRef = 0EF2E2A12A0E9B0C000BA8E1 /* RandomUsersTests.swift */; };
		0EF2E2AF2A0E9B22000BA8E1 /* RandomUsersUITests.swift in Sources */ = {isa = PBXBuildFile; fileRef = 0EF2E2AE2A0E9B22000BA8E1 /* RandomUsersUITests.swift */; };
		0EF2E2B12A0E9B22000BA8E1 /* RandomUsersUITestsLaunchTests.swift in Sources */ = {isa = PBXBuildFile; fileRef = 0EF2E2B02A0E9B22000BA8E1 /* RandomUsersUITestsLaunchTests.swift */; };
/* End PBXBuildFile section */

/* Begin PBXContainerItemProxy section */
		0EF2E2A32A0E9B0C000BA8E1 /* PBXContainerItemProxy */ = {
			isa = PBXContainerItemProxy;
			containerPortal = 0EEE44402A0E5BDC0040E38B /* Project object */;
			proxyType = 1;
			remoteGlobalIDString = 0EEE44472A0E5BDC0040E38B;
			remoteInfo = RandomUsers;
		};
		0EF2E2B22A0E9B22000BA8E1 /* PBXContainerItemProxy */ = {
			isa = PBXContainerItemProxy;
			containerPortal = 0EEE44402A0E5BDC0040E38B /* Project object */;
			proxyType = 1;
			remoteGlobalIDString = 0EEE44472A0E5BDC0040E38B;
			remoteInfo = RandomUsers;
		};
/* End PBXContainerItemProxy section */

/* Begin PBXFileReference section */
		0EEE44482A0E5BDC0040E38B /* RandomUsers.app */ = {isa = PBXFileReference; explicitFileType = wrapper.application; includeInIndex = 0; path = RandomUsers.app; sourceTree = BUILT_PRODUCTS_DIR; };
		0EEE444B2A0E5BDC0040E38B /* RandomUsersApp.swift */ = {isa = PBXFileReference; lastKnownFileType = sourcecode.swift; path = RandomUsersApp.swift; sourceTree = "<group>"; };
		0EEE444D2A0E5BDC0040E38B /* ContentView.swift */ = {isa = PBXFileReference; lastKnownFileType = sourcecode.swift; path = ContentView.swift; sourceTree = "<group>"; };
		0EEE444F2A0E5BDD0040E38B /* Assets.xcassets */ = {isa = PBXFileReference; lastKnownFileType = folder.assetcatalog; path = Assets.xcassets; sourceTree = "<group>"; };
		0EEE44522A0E5BDD0040E38B /* Preview Assets.xcassets */ = {isa = PBXFileReference; lastKnownFileType = folder.assetcatalog; path = "Preview Assets.xcassets"; sourceTree = "<group>"; };
		0EEE44592A0E5C730040E38B /* UserFecthingClient.swift */ = {isa = PBXFileReference; lastKnownFileType = sourcecode.swift; path = UserFecthingClient.swift; sourceTree = "<group>"; };
		0EEE445B2A0E5DF60040E38B /* UserData.swift */ = {isa = PBXFileReference; lastKnownFileType = sourcecode.swift; path = UserData.swift; sourceTree = "<group>"; };
		0EEE445D2A0E5EA30040E38B /* UsersView.swift */ = {isa = PBXFileReference; lastKnownFileType = sourcecode.swift; path = UsersView.swift; sourceTree = "<group>"; };
		0EEE445F2A0E636F0040E38B /* User.swift */ = {isa = PBXFileReference; lastKnownFileType = sourcecode.swift; path = User.swift; sourceTree = "<group>"; };
		0EF2E2932A0E9918000BA8E1 /* randomUsers.json */ = {isa = PBXFileReference; lastKnownFileType = text.json; path = randomUsers.json; sourceTree = "<group>"; };
		0EF2E29F2A0E9B0C000BA8E1 /* RandomUsersTests.xctest */ = {isa = PBXFileReference; explicitFileType = wrapper.cfbundle; includeInIndex = 0; path = RandomUsersTests.xctest; sourceTree = BUILT_PRODUCTS_DIR; };
		0EF2E2A12A0E9B0C000BA8E1 /* RandomUsersTests.swift */ = {isa = PBXFileReference; lastKnownFileType = sourcecode.swift; path = RandomUsersTests.swift; sourceTree = "<group>"; };
		0EF2E2AC2A0E9B22000BA8E1 /* RandomUsersUITests.xctest */ = {isa = PBXFileReference; explicitFileType = wrapper.cfbundle; includeInIndex = 0; path = RandomUsersUITests.xctest; sourceTree = BUILT_PRODUCTS_DIR; };
		0EF2E2AE2A0E9B22000BA8E1 /* RandomUsersUITests.swift */ = {isa = PBXFileReference; lastKnownFileType = sourcecode.swift; path = RandomUsersUITests.swift; sourceTree = "<group>"; };
		0EF2E2B02A0E9B22000BA8E1 /* RandomUsersUITestsLaunchTests.swift */ = {isa = PBXFileReference; lastKnownFileType = sourcecode.swift; path = RandomUsersUITestsLaunchTests.swift; sourceTree = "<group>"; };
/* End PBXFileReference section */

/* Begin PBXFrameworksBuildPhase section */
		0EEE44452A0E5BDC0040E38B /* Frameworks */ = {
			isa = PBXFrameworksBuildPhase;
			buildActionMask = 2147483647;
			files = (
			);
			runOnlyForDeploymentPostprocessing = 0;
		};
		0EF2E29C2A0E9B0C000BA8E1 /* Frameworks */ = {
			isa = PBXFrameworksBuildPhase;
			buildActionMask = 2147483647;
			files = (
			);
			runOnlyForDeploymentPostprocessing = 0;
		};
		0EF2E2A92A0E9B22000BA8E1 /* Frameworks */ = {
			isa = PBXFrameworksBuildPhase;
			buildActionMask = 2147483647;
			files = (
			);
			runOnlyForDeploymentPostprocessing = 0;
		};
/* End PBXFrameworksBuildPhase section */

/* Begin PBXGroup section */
		0EEE443F2A0E5BDC0040E38B = {
			isa = PBXGroup;
			children = (
				0EF2E2932A0E9918000BA8E1 /* randomUsers.json */,
				0EEE444A2A0E5BDC0040E38B /* RandomUsers */,
				0EF2E2A02A0E9B0C000BA8E1 /* RandomUsersTests */,
				0EF2E2AD2A0E9B22000BA8E1 /* RandomUsersUITests */,
				0EEE44492A0E5BDC0040E38B /* Products */,
			);
			sourceTree = "<group>";
		};
		0EEE44492A0E5BDC0040E38B /* Products */ = {
			isa = PBXGroup;
			children = (
				0EEE44482A0E5BDC0040E38B /* RandomUsers.app */,
				0EF2E29F2A0E9B0C000BA8E1 /* RandomUsersTests.xctest */,
				0EF2E2AC2A0E9B22000BA8E1 /* RandomUsersUITests.xctest */,
			);
			name = Products;
			sourceTree = "<group>";
		};
		0EEE444A2A0E5BDC0040E38B /* RandomUsers */ = {
			isa = PBXGroup;
			children = (
				0EEE444B2A0E5BDC0040E38B /* RandomUsersApp.swift */,
				0EEE444D2A0E5BDC0040E38B /* ContentView.swift */,
				0EEE445D2A0E5EA30040E38B /* UsersView.swift */,
				0EEE445B2A0E5DF60040E38B /* UserData.swift */,
				0EEE44592A0E5C730040E38B /* UserFecthingClient.swift */,
				0EEE445F2A0E636F0040E38B /* User.swift */,
				0EEE444F2A0E5BDD0040E38B /* Assets.xcassets */,
				0EEE44512A0E5BDD0040E38B /* Preview Content */,
			);
			path = RandomUsers;
			sourceTree = "<group>";
		};
		0EEE44512A0E5BDD0040E38B /* Preview Content */ = {
			isa = PBXGroup;
			children = (
				0EEE44522A0E5BDD0040E38B /* Preview Assets.xcassets */,
			);
			path = "Preview Content";
			sourceTree = "<group>";
		};
		0EF2E2A02A0E9B0C000BA8E1 /* RandomUsersTests */ = {
			isa = PBXGroup;
			children = (
				0EF2E2A12A0E9B0C000BA8E1 /* RandomUsersTests.swift */,
			);
			path = RandomUsersTests;
			sourceTree = "<group>";
		};
		0EF2E2AD2A0E9B22000BA8E1 /* RandomUsersUITests */ = {
			isa = PBXGroup;
			children = (
				0EF2E2AE2A0E9B22000BA8E1 /* RandomUsersUITests.swift */,
				0EF2E2B02A0E9B22000BA8E1 /* RandomUsersUITestsLaunchTests.swift */,
			);
			path = RandomUsersUITests;
			sourceTree = "<group>";
		};
/* End PBXGroup section */

/* Begin PBXNativeTarget section */
		0EEE44472A0E5BDC0040E38B /* RandomUsers */ = {
			isa = PBXNativeTarget;
			buildConfigurationList = 0EEE44562A0E5BDD0040E38B /* Build configuration list for PBXNativeTarget "RandomUsers" */;
			buildPhases = (
				0EEE44442A0E5BDC0040E38B /* Sources */,
				0EEE44452A0E5BDC0040E38B /* Frameworks */,
				0EEE44462A0E5BDC0040E38B /* Resources */,
			);
			buildRules = (
			);
			dependencies = (
			);
			name = RandomUsers;
			productName = RandomUsers;
			productReference = 0EEE44482A0E5BDC0040E38B /* RandomUsers.app */;
			productType = "com.apple.product-type.application";
		};
		0EF2E29E2A0E9B0C000BA8E1 /* RandomUsersTests */ = {
			isa = PBXNativeTarget;
			buildConfigurationList = 0EF2E2A52A0E9B0C000BA8E1 /* Build configuration list for PBXNativeTarget "RandomUsersTests" */;
			buildPhases = (
				0EF2E29B2A0E9B0C000BA8E1 /* Sources */,
				0EF2E29C2A0E9B0C000BA8E1 /* Frameworks */,
				0EF2E29D2A0E9B0C000BA8E1 /* Resources */,
			);
			buildRules = (
			);
			dependencies = (
				0EF2E2A42A0E9B0C000BA8E1 /* PBXTargetDependency */,
			);
			name = RandomUsersTests;
			productName = RandomUsersTests;
			productReference = 0EF2E29F2A0E9B0C000BA8E1 /* RandomUsersTests.xctest */;
			productType = "com.apple.product-type.bundle.unit-test";
		};
		0EF2E2AB2A0E9B22000BA8E1 /* RandomUsersUITests */ = {
			isa = PBXNativeTarget;
			buildConfigurationList = 0EF2E2B42A0E9B22000BA8E1 /* Build configuration list for PBXNativeTarget "RandomUsersUITests" */;
			buildPhases = (
				0EF2E2A82A0E9B22000BA8E1 /* Sources */,
				0EF2E2A92A0E9B22000BA8E1 /* Frameworks */,
				0EF2E2AA2A0E9B22000BA8E1 /* Resources */,
			);
			buildRules = (
			);
			dependencies = (
				0EF2E2B32A0E9B22000BA8E1 /* PBXTargetDependency */,
			);
			name = RandomUsersUITests;
			productName = RandomUsersUITests;
			productReference = 0EF2E2AC2A0E9B22000BA8E1 /* RandomUsersUITests.xctest */;
			productType = "com.apple.product-type.bundle.ui-testing";
		};
/* End PBXNativeTarget section */

/* Begin PBXProject section */
		0EEE44402A0E5BDC0040E38B /* Project object */ = {
			isa = PBXProject;
			attributes = {
				BuildIndependentTargetsInParallel = 1;
				LastSwiftUpdateCheck = 1430;
				LastUpgradeCheck = 1430;
				TargetAttributes = {
					0EEE44472A0E5BDC0040E38B = {
						CreatedOnToolsVersion = 14.3;
					};
					0EF2E29E2A0E9B0C000BA8E1 = {
						CreatedOnToolsVersion = 14.3;
						TestTargetID = 0EEE44472A0E5BDC0040E38B;
					};
					0EF2E2AB2A0E9B22000BA8E1 = {
						CreatedOnToolsVersion = 14.3;
						TestTargetID = 0EEE44472A0E5BDC0040E38B;
					};
				};
			};
			buildConfigurationList = 0EEE44432A0E5BDC0040E38B /* Build configuration list for PBXProject "RandomUsers" */;
			compatibilityVersion = "Xcode 14.0";
			developmentRegion = en;
			hasScannedForEncodings = 0;
			knownRegions = (
				en,
				Base,
			);
			mainGroup = 0EEE443F2A0E5BDC0040E38B;
			productRefGroup = 0EEE44492A0E5BDC0040E38B /* Products */;
			projectDirPath = "";
			projectRoot = "";
			targets = (
				0EEE44472A0E5BDC0040E38B /* RandomUsers */,
				0EF2E29E2A0E9B0C000BA8E1 /* RandomUsersTests */,
				0EF2E2AB2A0E9B22000BA8E1 /* RandomUsersUITests */,
			);
		};
/* End PBXProject section */

/* Begin PBXResourcesBuildPhase section */
		0EEE44462A0E5BDC0040E38B /* Resources */ = {
			isa = PBXResourcesBuildPhase;
			buildActionMask = 2147483647;
			files = (
				0EEE44532A0E5BDD0040E38B /* Preview Assets.xcassets in Resources */,
				0EEE44502A0E5BDD0040E38B /* Assets.xcassets in Resources */,
				0EF2E2942A0E9918000BA8E1 /* randomUsers.json in Resources */,
			);
			runOnlyForDeploymentPostprocessing = 0;
		};
		0EF2E29D2A0E9B0C000BA8E1 /* Resources */ = {
			isa = PBXResourcesBuildPhase;
			buildActionMask = 2147483647;
			files = (
			);
			runOnlyForDeploymentPostprocessing = 0;
		};
		0EF2E2AA2A0E9B22000BA8E1 /* Resources */ = {
			isa = PBXResourcesBuildPhase;
			buildActionMask = 2147483647;
			files = (
			);
			runOnlyForDeploymentPostprocessing = 0;
		};
/* End PBXResourcesBuildPhase section */

/* Begin PBXSourcesBuildPhase section */
		0EEE44442A0E5BDC0040E38B /* Sources */ = {
			isa = PBXSourcesBuildPhase;
			buildActionMask = 2147483647;
			files = (
				0EEE445E2A0E5EA30040E38B /* UsersView.swift in Sources */,
				0EEE444E2A0E5BDC0040E38B /* ContentView.swift in Sources */,
				0EEE44602A0E636F0040E38B /* User.swift in Sources */,
				0EEE445A2A0E5C730040E38B /* UserFecthingClient.swift in Sources */,
				0EEE445C2A0E5DF60040E38B /* UserData.swift in Sources */,
				0EEE444C2A0E5BDC0040E38B /* RandomUsersApp.swift in Sources */,
			);
			runOnlyForDeploymentPostprocessing = 0;
		};
		0EF2E29B2A0E9B0C000BA8E1 /* Sources */ = {
			isa = PBXSourcesBuildPhase;
			buildActionMask = 2147483647;
			files = (
				0EF2E2A22A0E9B0C000BA8E1 /* RandomUsersTests.swift in Sources */,
			);
			runOnlyForDeploymentPostprocessing = 0;
		};
		0EF2E2A82A0E9B22000BA8E1 /* Sources */ = {
			isa = PBXSourcesBuildPhase;
			buildActionMask = 2147483647;
			files = (
				0EF2E2B12A0E9B22000BA8E1 /* RandomUsersUITestsLaunchTests.swift in Sources */,
				0EF2E2AF2A0E9B22000BA8E1 /* RandomUsersUITests.swift in Sources */,
			);
			runOnlyForDeploymentPostprocessing = 0;
		};
/* End PBXSourcesBuildPhase section */

/* Begin PBXTargetDependency section */
		0EF2E2A42A0E9B0C000BA8E1 /* PBXTargetDependency */ = {
			isa = PBXTargetDependency;
			target = 0EEE44472A0E5BDC0040E38B /* RandomUsers */;
			targetProxy = 0EF2E2A32A0E9B0C000BA8E1 /* PBXContainerItemProxy */;
		};
		0EF2E2B32A0E9B22000BA8E1 /* PBXTargetDependency */ = {
			isa = PBXTargetDependency;
			target = 0EEE44472A0E5BDC0040E38B /* RandomUsers */;
			targetProxy = 0EF2E2B22A0E9B22000BA8E1 /* PBXContainerItemProxy */;
		};
/* End PBXTargetDependency section */

/* Begin XCBuildConfiguration section */
		0EEE44542A0E5BDD0040E38B /* Debug */ = {
			isa = XCBuildConfiguration;
			buildSettings = {
				ALWAYS_SEARCH_USER_PATHS = NO;
				CLANG_ANALYZER_NONNULL = YES;
				CLANG_ANALYZER_NUMBER_OBJECT_CONVERSION = YES_AGGRESSIVE;
				CLANG_CXX_LANGUAGE_STANDARD = "gnu++20";
				CLANG_ENABLE_MODULES = YES;
				CLANG_ENABLE_OBJC_ARC = YES;
				CLANG_ENABLE_OBJC_WEAK = YES;
				CLANG_WARN_BLOCK_CAPTURE_AUTORELEASING = YES;
				CLANG_WARN_BOOL_CONVERSION = YES;
				CLANG_WARN_COMMA = YES;
				CLANG_WARN_CONSTANT_CONVERSION = YES;
				CLANG_WARN_DEPRECATED_OBJC_IMPLEMENTATIONS = YES;
				CLANG_WARN_DIRECT_OBJC_ISA_USAGE = YES_ERROR;
				CLANG_WARN_DOCUMENTATION_COMMENTS = YES;
				CLANG_WARN_EMPTY_BODY = YES;
				CLANG_WARN_ENUM_CONVERSION = YES;
				CLANG_WARN_INFINITE_RECURSION = YES;
				CLANG_WARN_INT_CONVERSION = YES;
				CLANG_WARN_NON_LITERAL_NULL_CONVERSION = YES;
				CLANG_WARN_OBJC_IMPLICIT_RETAIN_SELF = YES;
				CLANG_WARN_OBJC_LITERAL_CONVERSION = YES;
				CLANG_WARN_OBJC_ROOT_CLASS = YES_ERROR;
				CLANG_WARN_QUOTED_INCLUDE_IN_FRAMEWORK_HEADER = YES;
				CLANG_WARN_RANGE_LOOP_ANALYSIS = YES;
				CLANG_WARN_STRICT_PROTOTYPES = YES;
				CLANG_WARN_SUSPICIOUS_MOVE = YES;
				CLANG_WARN_UNGUARDED_AVAILABILITY = YES_AGGRESSIVE;
				CLANG_WARN_UNREACHABLE_CODE = YES;
				CLANG_WARN__DUPLICATE_METHOD_MATCH = YES;
				COPY_PHASE_STRIP = NO;
				DEBUG_INFORMATION_FORMAT = dwarf;
				ENABLE_STRICT_OBJC_MSGSEND = YES;
				ENABLE_TESTABILITY = YES;
				GCC_C_LANGUAGE_STANDARD = gnu11;
				GCC_DYNAMIC_NO_PIC = NO;
				GCC_NO_COMMON_BLOCKS = YES;
				GCC_OPTIMIZATION_LEVEL = 0;
				GCC_PREPROCESSOR_DEFINITIONS = (
					"DEBUG=1",
					"$(inherited)",
				);
				GCC_WARN_64_TO_32_BIT_CONVERSION = YES;
				GCC_WARN_ABOUT_RETURN_TYPE = YES_ERROR;
				GCC_WARN_UNDECLARED_SELECTOR = YES;
				GCC_WARN_UNINITIALIZED_AUTOS = YES_AGGRESSIVE;
				GCC_WARN_UNUSED_FUNCTION = YES;
				GCC_WARN_UNUSED_VARIABLE = YES;
				IPHONEOS_DEPLOYMENT_TARGET = 16.4;
				MTL_ENABLE_DEBUG_INFO = INCLUDE_SOURCE;
				MTL_FAST_MATH = YES;
				ONLY_ACTIVE_ARCH = YES;
				SDKROOT = iphoneos;
				SWIFT_ACTIVE_COMPILATION_CONDITIONS = DEBUG;
				SWIFT_OPTIMIZATION_LEVEL = "-Onone";
			};
			name = Debug;
		};
		0EEE44552A0E5BDD0040E38B /* Release */ = {
			isa = XCBuildConfiguration;
			buildSettings = {
				ALWAYS_SEARCH_USER_PATHS = NO;
				CLANG_ANALYZER_NONNULL = YES;
				CLANG_ANALYZER_NUMBER_OBJECT_CONVERSION = YES_AGGRESSIVE;
				CLANG_CXX_LANGUAGE_STANDARD = "gnu++20";
				CLANG_ENABLE_MODULES = YES;
				CLANG_ENABLE_OBJC_ARC = YES;
				CLANG_ENABLE_OBJC_WEAK = YES;
				CLANG_WARN_BLOCK_CAPTURE_AUTORELEASING = YES;
				CLANG_WARN_BOOL_CONVERSION = YES;
				CLANG_WARN_COMMA = YES;
				CLANG_WARN_CONSTANT_CONVERSION = YES;
				CLANG_WARN_DEPRECATED_OBJC_IMPLEMENTATIONS = YES;
				CLANG_WARN_DIRECT_OBJC_ISA_USAGE = YES_ERROR;
				CLANG_WARN_DOCUMENTATION_COMMENTS = YES;
				CLANG_WARN_EMPTY_BODY = YES;
				CLANG_WARN_ENUM_CONVERSION = YES;
				CLANG_WARN_INFINITE_RECURSION = YES;
				CLANG_WARN_INT_CONVERSION = YES;
				CLANG_WARN_NON_LITERAL_NULL_CONVERSION = YES;
				CLANG_WARN_OBJC_IMPLICIT_RETAIN_SELF = YES;
				CLANG_WARN_OBJC_LITERAL_CONVERSION = YES;
				CLANG_WARN_OBJC_ROOT_CLASS = YES_ERROR;
				CLANG_WARN_QUOTED_INCLUDE_IN_FRAMEWORK_HEADER = YES;
				CLANG_WARN_RANGE_LOOP_ANALYSIS = YES;
				CLANG_WARN_STRICT_PROTOTYPES = YES;
				CLANG_WARN_SUSPICIOUS_MOVE = YES;
				CLANG_WARN_UNGUARDED_AVAILABILITY = YES_AGGRESSIVE;
				CLANG_WARN_UNREACHABLE_CODE = YES;
				CLANG_WARN__DUPLICATE_METHOD_MATCH = YES;
				COPY_PHASE_STRIP = NO;
				DEBUG_INFORMATION_FORMAT = "dwarf-with-dsym";
				ENABLE_NS_ASSERTIONS = NO;
				ENABLE_STRICT_OBJC_MSGSEND = YES;
				GCC_C_LANGUAGE_STANDARD = gnu11;
				GCC_NO_COMMON_BLOCKS = YES;
				GCC_WARN_64_TO_32_BIT_CONVERSION = YES;
				GCC_WARN_ABOUT_RETURN_TYPE = YES_ERROR;
				GCC_WARN_UNDECLARED_SELECTOR = YES;
				GCC_WARN_UNINITIALIZED_AUTOS = YES_AGGRESSIVE;
				GCC_WARN_UNUSED_FUNCTION = YES;
				GCC_WARN_UNUSED_VARIABLE = YES;
				IPHONEOS_DEPLOYMENT_TARGET = 16.4;
				MTL_ENABLE_DEBUG_INFO = NO;
				MTL_FAST_MATH = YES;
				SDKROOT = iphoneos;
				SWIFT_COMPILATION_MODE = wholemodule;
				SWIFT_OPTIMIZATION_LEVEL = "-O";
				VALIDATE_PRODUCT = YES;
			};
			name = Release;
		};
		0EEE44572A0E5BDD0040E38B /* Debug */ = {
			isa = XCBuildConfiguration;
			buildSettings = {
				ASSETCATALOG_COMPILER_APPICON_NAME = AppIcon;
				ASSETCATALOG_COMPILER_GLOBAL_ACCENT_COLOR_NAME = AccentColor;
				CODE_SIGN_STYLE = Automatic;
				CURRENT_PROJECT_VERSION = 1;
				DEVELOPMENT_ASSET_PATHS = "\"RandomUsers/Preview Content\"";
				ENABLE_PREVIEWS = YES;
				GENERATE_INFOPLIST_FILE = YES;
				INFOPLIST_KEY_UIApplicationSceneManifest_Generation = YES;
				INFOPLIST_KEY_UIApplicationSupportsIndirectInputEvents = YES;
				INFOPLIST_KEY_UILaunchScreen_Generation = YES;
				INFOPLIST_KEY_UISupportedInterfaceOrientations_iPad = "UIInterfaceOrientationPortrait UIInterfaceOrientationPortraitUpsideDown UIInterfaceOrientationLandscapeLeft UIInterfaceOrientationLandscapeRight";
				INFOPLIST_KEY_UISupportedInterfaceOrientations_iPhone = "UIInterfaceOrientationPortrait UIInterfaceOrientationLandscapeLeft UIInterfaceOrientationLandscapeRight";
				LD_RUNPATH_SEARCH_PATHS = (
					"$(inherited)",
					"@executable_path/Frameworks",
				);
				MARKETING_VERSION = 1.0;
				PRODUCT_BUNDLE_IDENTIFIER = pacs.RandomUsers;
				PRODUCT_NAME = "$(TARGET_NAME)";
				SWIFT_EMIT_LOC_STRINGS = YES;
				SWIFT_VERSION = 5.0;
				TARGETED_DEVICE_FAMILY = "1,2";
			};
			name = Debug;
		};
		0EEE44582A0E5BDD0040E38B /* Release */ = {
			isa = XCBuildConfiguration;
			buildSettings = {
				ASSETCATALOG_COMPILER_APPICON_NAME = AppIcon;
				ASSETCATALOG_COMPILER_GLOBAL_ACCENT_COLOR_NAME = AccentColor;
				CODE_SIGN_STYLE = Automatic;
				CURRENT_PROJECT_VERSION = 1;
				DEVELOPMENT_ASSET_PATHS = "\"RandomUsers/Preview Content\"";
				ENABLE_PREVIEWS = YES;
				GENERATE_INFOPLIST_FILE = YES;
				INFOPLIST_KEY_UIApplicationSceneManifest_Generation = YES;
				INFOPLIST_KEY_UIApplicationSupportsIndirectInputEvents = YES;
				INFOPLIST_KEY_UILaunchScreen_Generation = YES;
				INFOPLIST_KEY_UISupportedInterfaceOrientations_iPad = "UIInterfaceOrientationPortrait UIInterfaceOrientationPortraitUpsideDown UIInterfaceOrientationLandscapeLeft UIInterfaceOrientationLandscapeRight";
				INFOPLIST_KEY_UISupportedInterfaceOrientations_iPhone = "UIInterfaceOrientationPortrait UIInterfaceOrientationLandscapeLeft UIInterfaceOrientationLandscapeRight";
				LD_RUNPATH_SEARCH_PATHS = (
					"$(inherited)",
					"@executable_path/Frameworks",
				);
				MARKETING_VERSION = 1.0;
				PRODUCT_BUNDLE_IDENTIFIER = pacs.RandomUsers;
				PRODUCT_NAME = "$(TARGET_NAME)";
				SWIFT_EMIT_LOC_STRINGS = YES;
				SWIFT_VERSION = 5.0;
				TARGETED_DEVICE_FAMILY = "1,2";
			};
			name = Release;
		};
		0EF2E2A62A0E9B0C000BA8E1 /* Debug */ = {
			isa = XCBuildConfiguration;
			buildSettings = {
				BUNDLE_LOADER = "$(TEST_HOST)";
				CODE_SIGN_STYLE = Automatic;
				CURRENT_PROJECT_VERSION = 1;
				GENERATE_INFOPLIST_FILE = YES;
				MARKETING_VERSION = 1.0;
				PRODUCT_BUNDLE_IDENTIFIER = pacs.RandomUsersTests;
				PRODUCT_NAME = "$(TARGET_NAME)";
				SWIFT_EMIT_LOC_STRINGS = NO;
				SWIFT_VERSION = 5.0;
				TARGETED_DEVICE_FAMILY = "1,2";
				TEST_HOST = "$(BUILT_PRODUCTS_DIR)/RandomUsers.app/$(BUNDLE_EXECUTABLE_FOLDER_PATH)/RandomUsers";
			};
			name = Debug;
		};
		0EF2E2A72A0E9B0C000BA8E1 /* Release */ = {
			isa = XCBuildConfiguration;
			buildSettings = {
				BUNDLE_LOADER = "$(TEST_HOST)";
				CODE_SIGN_STYLE = Automatic;
				CURRENT_PROJECT_VERSION = 1;
				GENERATE_INFOPLIST_FILE = YES;
				MARKETING_VERSION = 1.0;
				PRODUCT_BUNDLE_IDENTIFIER = pacs.RandomUsersTests;
				PRODUCT_NAME = "$(TARGET_NAME)";
				SWIFT_EMIT_LOC_STRINGS = NO;
				SWIFT_VERSION = 5.0;
				TARGETED_DEVICE_FAMILY = "1,2";
				TEST_HOST = "$(BUILT_PRODUCTS_DIR)/RandomUsers.app/$(BUNDLE_EXECUTABLE_FOLDER_PATH)/RandomUsers";
			};
			name = Release;
		};
		0EF2E2B52A0E9B22000BA8E1 /* Debug */ = {
			isa = XCBuildConfiguration;
			buildSettings = {
				CODE_SIGN_STYLE = Automatic;
				CURRENT_PROJECT_VERSION = 1;
				GENERATE_INFOPLIST_FILE = YES;
				MARKETING_VERSION = 1.0;
				PRODUCT_BUNDLE_IDENTIFIER = pacs.RandomUsersUITests;
				PRODUCT_NAME = "$(TARGET_NAME)";
				SWIFT_EMIT_LOC_STRINGS = NO;
				SWIFT_VERSION = 5.0;
				TARGETED_DEVICE_FAMILY = "1,2";
				TEST_TARGET_NAME = RandomUsers;
			};
			name = Debug;
		};
		0EF2E2B62A0E9B22000BA8E1 /* Release */ = {
			isa = XCBuildConfiguration;
			buildSettings = {
				CODE_SIGN_STYLE = Automatic;
				CURRENT_PROJECT_VERSION = 1;
				GENERATE_INFOPLIST_FILE = YES;
				MARKETING_VERSION = 1.0;
				PRODUCT_BUNDLE_IDENTIFIER = pacs.RandomUsersUITests;
				PRODUCT_NAME = "$(TARGET_NAME)";
				SWIFT_EMIT_LOC_STRINGS = NO;
				SWIFT_VERSION = 5.0;
				TARGETED_DEVICE_FAMILY = "1,2";
				TEST_TARGET_NAME = RandomUsers;
			};
			name = Release;
		};
/* End XCBuildConfiguration section */

/* Begin XCConfigurationList section */
		0EEE44432A0E5BDC0040E38B /* Build configuration list for PBXProject "RandomUsers" */ = {
			isa = XCConfigurationList;
			buildConfigurations = (
				0EEE44542A0E5BDD0040E38B /* Debug */,
				0EEE44552A0E5BDD0040E38B /* Release */,
			);
			defaultConfigurationIsVisible = 0;
			defaultConfigurationName = Release;
		};
		0EEE44562A0E5BDD0040E38B /* Build configuration list for PBXNativeTarget "RandomUsers" */ = {
			isa = XCConfigurationList;
			buildConfigurations = (
				0EEE44572A0E5BDD0040E38B /* Debug */,
				0EEE44582A0E5BDD0040E38B /* Release */,
			);
			defaultConfigurationIsVisible = 0;
			defaultConfigurationName = Release;
		};
		0EF2E2A52A0E9B0C000BA8E1 /* Build configuration list for PBXNativeTarget "RandomUsersTests" */ = {
			isa = XCConfigurationList;
			buildConfigurations = (
				0EF2E2A62A0E9B0C000BA8E1 /* Debug */,
				0EF2E2A72A0E9B0C000BA8E1 /* Release */,
			);
			defaultConfigurationIsVisible = 0;
			defaultConfigurationName = Release;
		};
		0EF2E2B42A0E9B22000BA8E1 /* Build configuration list for PBXNativeTarget "RandomUsersUITests" */ = {
			isa = XCConfigurationList;
			buildConfigurations = (
				0EF2E2B52A0E9B22000BA8E1 /* Debug */,
				0EF2E2B62A0E9B22000BA8E1 /* Release */,
			);
			defaultConfigurationIsVisible = 0;
			defaultConfigurationName = Release;
		};
/* End XCConfigurationList section */
	};
	rootObject = 0EEE44402A0E5BDC0040E38B /* Project object */;
}
