// !$*UTF8*$!
{
	archiveVersion = 1;
	classes = {
	};
	objectVersion = 56;
	objects = {

/* Begin PBXBuildFile section */
		0EF2E2682A0E92AD000BA8E1 /* TestingApp.swift in Sources */ = {isa = PBXBuildFile; fileRef = 0EF2E2672A0E92AD000BA8E1 /* TestingApp.swift */; };
		0EF2E26A2A0E92AD000BA8E1 /* ContentView.swift in Sources */ = {isa = PBXBuildFile; fileRef = 0EF2E2692A0E92AD000BA8E1 /* ContentView.swift */; };
		0EF2E26C2A0E92AE000BA8E1 /* Assets.xcassets in Resources */ = {isa = PBXBuildFile; fileRef = 0EF2E26B2A0E92AE000BA8E1 /* Assets.xcassets */; };
		0EF2E26F2A0E92AE000BA8E1 /* Preview Assets.xcassets in Resources */ = {isa = PBXBuildFile; fileRef = 0EF2E26E2A0E92AE000BA8E1 /* Preview Assets.xcassets */; };
		0EF2E2792A0E92AE000BA8E1 /* TestingTests.swift in Sources */ = {isa = PBXBuildFile; fileRef = 0EF2E2782A0E92AE000BA8E1 /* TestingTests.swift */; };
		0EF2E2832A0E92AE000BA8E1 /* TestingUITests.swift in Sources */ = {isa = PBXBuildFile; fileRef = 0EF2E2822A0E92AE000BA8E1 /* TestingUITests.swift */; };
		0EF2E2852A0E92AE000BA8E1 /* TestingUITestsLaunchTests.swift in Sources */ = {isa = PBXBuildFile; fileRef = 0EF2E2842A0E92AE000BA8E1 /* TestingUITestsLaunchTests.swift */; };
		0EF2E2922A0E9811000BA8E1 /* data.json in Resources */ = {isa = PBXBuildFile; fileRef = 0EF2E2912A0E95A0000BA8E1 /* data.json */; };
/* End PBXBuildFile section */

/* Begin PBXContainerItemProxy section */
		0EF2E2752A0E92AE000BA8E1 /* PBXContainerItemProxy */ = {
			isa = PBXContainerItemProxy;
			containerPortal = 0EF2E25C2A0E92AD000BA8E1 /* Project object */;
			proxyType = 1;
			remoteGlobalIDString = 0EF2E2632A0E92AD000BA8E1;
			remoteInfo = Testing;
		};
		0EF2E27F2A0E92AE000BA8E1 /* PBXContainerItemProxy */ = {
			isa = PBXContainerItemProxy;
			containerPortal = 0EF2E25C2A0E92AD000BA8E1 /* Project object */;
			proxyType = 1;
			remoteGlobalIDString = 0EF2E2632A0E92AD000BA8E1;
			remoteInfo = Testing;
		};
/* End PBXContainerItemProxy section */

/* Begin PBXFileReference section */
		0EF2E2642A0E92AD000BA8E1 /* Testing.app */ = {isa = PBXFileReference; explicitFileType = wrapper.application; includeInIndex = 0; path = Testing.app; sourceTree = BUILT_PRODUCTS_DIR; };
		0EF2E2672A0E92AD000BA8E1 /* TestingApp.swift */ = {isa = PBXFileReference; lastKnownFileType = sourcecode.swift; path = TestingApp.swift; sourceTree = "<group>"; };
		0EF2E2692A0E92AD000BA8E1 /* ContentView.swift */ = {isa = PBXFileReference; lastKnownFileType = sourcecode.swift; path = ContentView.swift; sourceTree = "<group>"; };
		0EF2E26B2A0E92AE000BA8E1 /* Assets.xcassets */ = {isa = PBXFileReference; lastKnownFileType = folder.assetcatalog; path = Assets.xcassets; sourceTree = "<group>"; };
		0EF2E26E2A0E92AE000BA8E1 /* Preview Assets.xcassets */ = {isa = PBXFileReference; lastKnownFileType = folder.assetcatalog; path = "Preview Assets.xcassets"; sourceTree = "<group>"; };
		0EF2E2742A0E92AE000BA8E1 /* TestingTests.xctest */ = {isa = PBXFileReference; explicitFileType = wrapper.cfbundle; includeInIndex = 0; path = TestingTests.xctest; sourceTree = BUILT_PRODUCTS_DIR; };
		0EF2E2782A0E92AE000BA8E1 /* TestingTests.swift */ = {isa = PBXFileReference; lastKnownFileType = sourcecode.swift; path = TestingTests.swift; sourceTree = "<group>"; };
		0EF2E27E2A0E92AE000BA8E1 /* TestingUITests.xctest */ = {isa = PBXFileReference; explicitFileType = wrapper.cfbundle; includeInIndex = 0; path = TestingUITests.xctest; sourceTree = BUILT_PRODUCTS_DIR; };
		0EF2E2822A0E92AE000BA8E1 /* TestingUITests.swift */ = {isa = PBXFileReference; lastKnownFileType = sourcecode.swift; path = TestingUITests.swift; sourceTree = "<group>"; };
		0EF2E2842A0E92AE000BA8E1 /* TestingUITestsLaunchTests.swift */ = {isa = PBXFileReference; lastKnownFileType = sourcecode.swift; path = TestingUITestsLaunchTests.swift; sourceTree = "<group>"; };
		0EF2E2912A0E95A0000BA8E1 /* data.json */ = {isa = PBXFileReference; lastKnownFileType = text.json; path = data.json; sourceTree = "<group>"; };
/* End PBXFileReference section */

/* Begin PBXFrameworksBuildPhase section */
		0EF2E2612A0E92AD000BA8E1 /* Frameworks */ = {
			isa = PBXFrameworksBuildPhase;
			buildActionMask = 2147483647;
			files = (
			);
			runOnlyForDeploymentPostprocessing = 0;
		};
		0EF2E2712A0E92AE000BA8E1 /* Frameworks */ = {
			isa = PBXFrameworksBuildPhase;
			buildActionMask = 2147483647;
			files = (
			);
			runOnlyForDeploymentPostprocessing = 0;
		};
		0EF2E27B2A0E92AE000BA8E1 /* Frameworks */ = {
			isa = PBXFrameworksBuildPhase;
			buildActionMask = 2147483647;
			files = (
			);
			runOnlyForDeploymentPostprocessing = 0;
		};
/* End PBXFrameworksBuildPhase section */

/* Begin PBXGroup section */
		0EF2E25B2A0E92AD000BA8E1 = {
			isa = PBXGroup;
			children = (
				0EF2E2662A0E92AD000BA8E1 /* Testing */,
				0EF2E2772A0E92AE000BA8E1 /* TestingTests */,
				0EF2E2812A0E92AE000BA8E1 /* TestingUITests */,
				0EF2E2652A0E92AD000BA8E1 /* Products */,
			);
			sourceTree = "<group>";
		};
		0EF2E2652A0E92AD000BA8E1 /* Products */ = {
			isa = PBXGroup;
			children = (
				0EF2E2642A0E92AD000BA8E1 /* Testing.app */,
				0EF2E2742A0E92AE000BA8E1 /* TestingTests.xctest */,
				0EF2E27E2A0E92AE000BA8E1 /* TestingUITests.xctest */,
			);
			name = Products;
			sourceTree = "<group>";
		};
		0EF2E2662A0E92AD000BA8E1 /* Testing */ = {
			isa = PBXGroup;
			children = (
				0EF2E2672A0E92AD000BA8E1 /* TestingApp.swift */,
				0EF2E2692A0E92AD000BA8E1 /* ContentView.swift */,
				0EF2E26B2A0E92AE000BA8E1 /* Assets.xcassets */,
				0EF2E26D2A0E92AE000BA8E1 /* Preview Content */,
			);
			path = Testing;
			sourceTree = "<group>";
		};
		0EF2E26D2A0E92AE000BA8E1 /* Preview Content */ = {
			isa = PBXGroup;
			children = (
				0EF2E26E2A0E92AE000BA8E1 /* Preview Assets.xcassets */,
			);
			path = "Preview Content";
			sourceTree = "<group>";
		};
		0EF2E2772A0E92AE000BA8E1 /* TestingTests */ = {
			isa = PBXGroup;
			children = (
				0EF2E2782A0E92AE000BA8E1 /* TestingTests.swift */,
				0EF2E2912A0E95A0000BA8E1 /* data.json */,
			);
			path = TestingTests;
			sourceTree = "<group>";
		};
		0EF2E2812A0E92AE000BA8E1 /* TestingUITests */ = {
			isa = PBXGroup;
			children = (
				0EF2E2822A0E92AE000BA8E1 /* TestingUITests.swift */,
				0EF2E2842A0E92AE000BA8E1 /* TestingUITestsLaunchTests.swift */,
			);
			path = TestingUITests;
			sourceTree = "<group>";
		};
/* End PBXGroup section */

/* Begin PBXNativeTarget section */
		0EF2E2632A0E92AD000BA8E1 /* Testing */ = {
			isa = PBXNativeTarget;
			buildConfigurationList = 0EF2E2882A0E92AE000BA8E1 /* Build configuration list for PBXNativeTarget "Testing" */;
			buildPhases = (
				0EF2E2602A0E92AD000BA8E1 /* Sources */,
				0EF2E2612A0E92AD000BA8E1 /* Frameworks */,
				0EF2E2622A0E92AD000BA8E1 /* Resources */,
			);
			buildRules = (
			);
			dependencies = (
			);
			name = Testing;
			productName = Testing;
			productReference = 0EF2E2642A0E92AD000BA8E1 /* Testing.app */;
			productType = "com.apple.product-type.application";
		};
		0EF2E2732A0E92AE000BA8E1 /* TestingTests */ = {
			isa = PBXNativeTarget;
			buildConfigurationList = 0EF2E28B2A0E92AE000BA8E1 /* Build configuration list for PBXNativeTarget "TestingTests" */;
			buildPhases = (
				0EF2E2702A0E92AE000BA8E1 /* Sources */,
				0EF2E2712A0E92AE000BA8E1 /* Frameworks */,
				0EF2E2722A0E92AE000BA8E1 /* Resources */,
			);
			buildRules = (
			);
			dependencies = (
				0EF2E2762A0E92AE000BA8E1 /* PBXTargetDependency */,
			);
			name = TestingTests;
			productName = TestingTests;
			productReference = 0EF2E2742A0E92AE000BA8E1 /* TestingTests.xctest */;
			productType = "com.apple.product-type.bundle.unit-test";
		};
		0EF2E27D2A0E92AE000BA8E1 /* TestingUITests */ = {
			isa = PBXNativeTarget;
			buildConfigurationList = 0EF2E28E2A0E92AE000BA8E1 /* Build configuration list for PBXNativeTarget "TestingUITests" */;
			buildPhases = (
				0EF2E27A2A0E92AE000BA8E1 /* Sources */,
				0EF2E27B2A0E92AE000BA8E1 /* Frameworks */,
				0EF2E27C2A0E92AE000BA8E1 /* Resources */,
			);
			buildRules = (
			);
			dependencies = (
				0EF2E2802A0E92AE000BA8E1 /* PBXTargetDependency */,
			);
			name = TestingUITests;
			productName = TestingUITests;
			productReference = 0EF2E27E2A0E92AE000BA8E1 /* TestingUITests.xctest */;
			productType = "com.apple.product-type.bundle.ui-testing";
		};
/* End PBXNativeTarget section */

/* Begin PBXProject section */
		0EF2E25C2A0E92AD000BA8E1 /* Project object */ = {
			isa = PBXProject;
			attributes = {
				BuildIndependentTargetsInParallel = 1;
				LastSwiftUpdateCheck = 1430;
				LastUpgradeCheck = 1430;
				TargetAttributes = {
					0EF2E2632A0E92AD000BA8E1 = {
						CreatedOnToolsVersion = 14.3;
					};
					0EF2E2732A0E92AE000BA8E1 = {
						CreatedOnToolsVersion = 14.3;
						TestTargetID = 0EF2E2632A0E92AD000BA8E1;
					};
					0EF2E27D2A0E92AE000BA8E1 = {
						CreatedOnToolsVersion = 14.3;
						TestTargetID = 0EF2E2632A0E92AD000BA8E1;
					};
				};
			};
			buildConfigurationList = 0EF2E25F2A0E92AD000BA8E1 /* Build configuration list for PBXProject "Testing" */;
			compatibilityVersion = "Xcode 14.0";
			developmentRegion = en;
			hasScannedForEncodings = 0;
			knownRegions = (
				en,
				Base,
			);
			mainGroup = 0EF2E25B2A0E92AD000BA8E1;
			productRefGroup = 0EF2E2652A0E92AD000BA8E1 /* Products */;
			projectDirPath = "";
			projectRoot = "";
			targets = (
				0EF2E2632A0E92AD000BA8E1 /* Testing */,
				0EF2E2732A0E92AE000BA8E1 /* TestingTests */,
				0EF2E27D2A0E92AE000BA8E1 /* TestingUITests */,
			);
		};
/* End PBXProject section */

/* Begin PBXResourcesBuildPhase section */
		0EF2E2622A0E92AD000BA8E1 /* Resources */ = {
			isa = PBXResourcesBuildPhase;
			buildActionMask = 2147483647;
			files = (
				0EF2E26F2A0E92AE000BA8E1 /* Preview Assets.xcassets in Resources */,
				0EF2E26C2A0E92AE000BA8E1 /* Assets.xcassets in Resources */,
			);
			runOnlyForDeploymentPostprocessing = 0;
		};
		0EF2E2722A0E92AE000BA8E1 /* Resources */ = {
			isa = PBXResourcesBuildPhase;
			buildActionMask = 2147483647;
			files = (
				0EF2E2922A0E9811000BA8E1 /* data.json in Resources */,
			);
			runOnlyForDeploymentPostprocessing = 0;
		};
		0EF2E27C2A0E92AE000BA8E1 /* Resources */ = {
			isa = PBXResourcesBuildPhase;
			buildActionMask = 2147483647;
			files = (
			);
			runOnlyForDeploymentPostprocessing = 0;
		};
/* End PBXResourcesBuildPhase section */

/* Begin PBXSourcesBuildPhase section */
		0EF2E2602A0E92AD000BA8E1 /* Sources */ = {
			isa = PBXSourcesBuildPhase;
			buildActionMask = 2147483647;
			files = (
				0EF2E26A2A0E92AD000BA8E1 /* ContentView.swift in Sources */,
				0EF2E2682A0E92AD000BA8E1 /* TestingApp.swift in Sources */,
			);
			runOnlyForDeploymentPostprocessing = 0;
		};
		0EF2E2702A0E92AE000BA8E1 /* Sources */ = {
			isa = PBXSourcesBuildPhase;
			buildActionMask = 2147483647;
			files = (
				0EF2E2792A0E92AE000BA8E1 /* TestingTests.swift in Sources */,
			);
			runOnlyForDeploymentPostprocessing = 0;
		};
		0EF2E27A2A0E92AE000BA8E1 /* Sources */ = {
			isa = PBXSourcesBuildPhase;
			buildActionMask = 2147483647;
			files = (
				0EF2E2832A0E92AE000BA8E1 /* TestingUITests.swift in Sources */,
				0EF2E2852A0E92AE000BA8E1 /* TestingUITestsLaunchTests.swift in Sources */,
			);
			runOnlyForDeploymentPostprocessing = 0;
		};
/* End PBXSourcesBuildPhase section */

/* Begin PBXTargetDependency section */
		0EF2E2762A0E92AE000BA8E1 /* PBXTargetDependency */ = {
			isa = PBXTargetDependency;
			target = 0EF2E2632A0E92AD000BA8E1 /* Testing */;
			targetProxy = 0EF2E2752A0E92AE000BA8E1 /* PBXContainerItemProxy */;
		};
		0EF2E2802A0E92AE000BA8E1 /* PBXTargetDependency */ = {
			isa = PBXTargetDependency;
			target = 0EF2E2632A0E92AD000BA8E1 /* Testing */;
			targetProxy = 0EF2E27F2A0E92AE000BA8E1 /* PBXContainerItemProxy */;
		};
/* End PBXTargetDependency section */

/* Begin XCBuildConfiguration section */
		0EF2E2862A0E92AE000BA8E1 /* Debug */ = {
			isa = XCBuildConfiguration;
			buildSettings = {
				ALWAYS_SEARCH_USER_PATHS = NO;
				CLANG_ANALYZER_NONNULL = YES;
				CLANG_ANALYZER_NUMBER_OBJECT_CONVERSION = YES_AGGRESSIVE;
				CLANG_CXX_LANGUAGE_STANDARD = "gnu++20";
				CLANG_ENABLE_MODULES = YES;
				CLANG_ENABLE_OBJC_ARC = YES;
				CLANG_ENABLE_OBJC_WEAK = YES;
				CLANG_WARN_BLOCK_CAPTURE_AUTORELEASING = YES;
				CLANG_WARN_BOOL_CONVERSION = YES;
				CLANG_WARN_COMMA = YES;
				CLANG_WARN_CONSTANT_CONVERSION = YES;
				CLANG_WARN_DEPRECATED_OBJC_IMPLEMENTATIONS = YES;
				CLANG_WARN_DIRECT_OBJC_ISA_USAGE = YES_ERROR;
				CLANG_WARN_DOCUMENTATION_COMMENTS = YES;
				CLANG_WARN_EMPTY_BODY = YES;
				CLANG_WARN_ENUM_CONVERSION = YES;
				CLANG_WARN_INFINITE_RECURSION = YES;
				CLANG_WARN_INT_CONVERSION = YES;
				CLANG_WARN_NON_LITERAL_NULL_CONVERSION = YES;
				CLANG_WARN_OBJC_IMPLICIT_RETAIN_SELF = YES;
				CLANG_WARN_OBJC_LITERAL_CONVERSION = YES;
				CLANG_WARN_OBJC_ROOT_CLASS = YES_ERROR;
				CLANG_WARN_QUOTED_INCLUDE_IN_FRAMEWORK_HEADER = YES;
				CLANG_WARN_RANGE_LOOP_ANALYSIS = YES;
				CLANG_WARN_STRICT_PROTOTYPES = YES;
				CLANG_WARN_SUSPICIOUS_MOVE = YES;
				CLANG_WARN_UNGUARDED_AVAILABILITY = YES_AGGRESSIVE;
				CLANG_WARN_UNREACHABLE_CODE = YES;
				CLANG_WARN__DUPLICATE_METHOD_MATCH = YES;
				COPY_PHASE_STRIP = NO;
				DEBUG_INFORMATION_FORMAT = dwarf;
				ENABLE_STRICT_OBJC_MSGSEND = YES;
				ENABLE_TESTABILITY = YES;
				GCC_C_LANGUAGE_STANDARD = gnu11;
				GCC_DYNAMIC_NO_PIC = NO;
				GCC_NO_COMMON_BLOCKS = YES;
				GCC_OPTIMIZATION_LEVEL = 0;
				GCC_PREPROCESSOR_DEFINITIONS = (
					"DEBUG=1",
					"$(inherited)",
				);
				GCC_WARN_64_TO_32_BIT_CONVERSION = YES;
				GCC_WARN_ABOUT_RETURN_TYPE = YES_ERROR;
				GCC_WARN_UNDECLARED_SELECTOR = YES;
				GCC_WARN_UNINITIALIZED_AUTOS = YES_AGGRESSIVE;
				GCC_WARN_UNUSED_FUNCTION = YES;
				GCC_WARN_UNUSED_VARIABLE = YES;
				IPHONEOS_DEPLOYMENT_TARGET = 16.4;
				MTL_ENABLE_DEBUG_INFO = INCLUDE_SOURCE;
				MTL_FAST_MATH = YES;
				ONLY_ACTIVE_ARCH = YES;
				SDKROOT = iphoneos;
				SWIFT_ACTIVE_COMPILATION_CONDITIONS = DEBUG;
				SWIFT_OPTIMIZATION_LEVEL = "-Onone";
			};
			name = Debug;
		};
		0EF2E2872A0E92AE000BA8E1 /* Release */ = {
			isa = XCBuildConfiguration;
			buildSettings = {
				ALWAYS_SEARCH_USER_PATHS = NO;
				CLANG_ANALYZER_NONNULL = YES;
				CLANG_ANALYZER_NUMBER_OBJECT_CONVERSION = YES_AGGRESSIVE;
				CLANG_CXX_LANGUAGE_STANDARD = "gnu++20";
				CLANG_ENABLE_MODULES = YES;
				CLANG_ENABLE_OBJC_ARC = YES;
				CLANG_ENABLE_OBJC_WEAK = YES;
				CLANG_WARN_BLOCK_CAPTURE_AUTORELEASING = YES;
				CLANG_WARN_BOOL_CONVERSION = YES;
				CLANG_WARN_COMMA = YES;
				CLANG_WARN_CONSTANT_CONVERSION = YES;
				CLANG_WARN_DEPRECATED_OBJC_IMPLEMENTATIONS = YES;
				CLANG_WARN_DIRECT_OBJC_ISA_USAGE = YES_ERROR;
				CLANG_WARN_DOCUMENTATION_COMMENTS = YES;
				CLANG_WARN_EMPTY_BODY = YES;
				CLANG_WARN_ENUM_CONVERSION = YES;
				CLANG_WARN_INFINITE_RECURSION = YES;
				CLANG_WARN_INT_CONVERSION = YES;
				CLANG_WARN_NON_LITERAL_NULL_CONVERSION = YES;
				CLANG_WARN_OBJC_IMPLICIT_RETAIN_SELF = YES;
				CLANG_WARN_OBJC_LITERAL_CONVERSION = YES;
				CLANG_WARN_OBJC_ROOT_CLASS = YES_ERROR;
				CLANG_WARN_QUOTED_INCLUDE_IN_FRAMEWORK_HEADER = YES;
				CLANG_WARN_RANGE_LOOP_ANALYSIS = YES;
				CLANG_WARN_STRICT_PROTOTYPES = YES;
				CLANG_WARN_SUSPICIOUS_MOVE = YES;
				CLANG_WARN_UNGUARDED_AVAILABILITY = YES_AGGRESSIVE;
				CLANG_WARN_UNREACHABLE_CODE = YES;
				CLANG_WARN__DUPLICATE_METHOD_MATCH = YES;
				COPY_PHASE_STRIP = NO;
				DEBUG_INFORMATION_FORMAT = "dwarf-with-dsym";
				ENABLE_NS_ASSERTIONS = NO;
				ENABLE_STRICT_OBJC_MSGSEND = YES;
				GCC_C_LANGUAGE_STANDARD = gnu11;
				GCC_NO_COMMON_BLOCKS = YES;
				GCC_WARN_64_TO_32_BIT_CONVERSION = YES;
				GCC_WARN_ABOUT_RETURN_TYPE = YES_ERROR;
				GCC_WARN_UNDECLARED_SELECTOR = YES;
				GCC_WARN_UNINITIALIZED_AUTOS = YES_AGGRESSIVE;
				GCC_WARN_UNUSED_FUNCTION = YES;
				GCC_WARN_UNUSED_VARIABLE = YES;
				IPHONEOS_DEPLOYMENT_TARGET = 16.4;
				MTL_ENABLE_DEBUG_INFO = NO;
				MTL_FAST_MATH = YES;
				SDKROOT = iphoneos;
				SWIFT_COMPILATION_MODE = wholemodule;
				SWIFT_OPTIMIZATION_LEVEL = "-O";
				VALIDATE_PRODUCT = YES;
			};
			name = Release;
		};
		0EF2E2892A0E92AE000BA8E1 /* Debug */ = {
			isa = XCBuildConfiguration;
			buildSettings = {
				ASSETCATALOG_COMPILER_APPICON_NAME = AppIcon;
				ASSETCATALOG_COMPILER_GLOBAL_ACCENT_COLOR_NAME = AccentColor;
				CODE_SIGN_STYLE = Automatic;
				CURRENT_PROJECT_VERSION = 1;
				DEVELOPMENT_ASSET_PATHS = "\"Testing/Preview Content\"";
				ENABLE_PREVIEWS = YES;
				GENERATE_INFOPLIST_FILE = YES;
				INFOPLIST_KEY_UIApplicationSceneManifest_Generation = YES;
				INFOPLIST_KEY_UIApplicationSupportsIndirectInputEvents = YES;
				INFOPLIST_KEY_UILaunchScreen_Generation = YES;
				INFOPLIST_KEY_UISupportedInterfaceOrientations_iPad = "UIInterfaceOrientationPortrait UIInterfaceOrientationPortraitUpsideDown UIInterfaceOrientationLandscapeLeft UIInterfaceOrientationLandscapeRight";
				INFOPLIST_KEY_UISupportedInterfaceOrientations_iPhone = "UIInterfaceOrientationPortrait UIInterfaceOrientationLandscapeLeft UIInterfaceOrientationLandscapeRight";
				LD_RUNPATH_SEARCH_PATHS = (
					"$(inherited)",
					"@executable_path/Frameworks",
				);
				MARKETING_VERSION = 1.0;
				PRODUCT_BUNDLE_IDENTIFIER = pacs.Testing;
				PRODUCT_NAME = "$(TARGET_NAME)";
				SWIFT_EMIT_LOC_STRINGS = YES;
				SWIFT_VERSION = 5.0;
				TARGETED_DEVICE_FAMILY = "1,2";
			};
			name = Debug;
		};
		0EF2E28A2A0E92AE000BA8E1 /* Release */ = {
			isa = XCBuildConfiguration;
			buildSettings = {
				ASSETCATALOG_COMPILER_APPICON_NAME = AppIcon;
				ASSETCATALOG_COMPILER_GLOBAL_ACCENT_COLOR_NAME = AccentColor;
				CODE_SIGN_STYLE = Automatic;
				CURRENT_PROJECT_VERSION = 1;
				DEVELOPMENT_ASSET_PATHS = "\"Testing/Preview Content\"";
				ENABLE_PREVIEWS = YES;
				GENERATE_INFOPLIST_FILE = YES;
				INFOPLIST_KEY_UIApplicationSceneManifest_Generation = YES;
				INFOPLIST_KEY_UIApplicationSupportsIndirectInputEvents = YES;
				INFOPLIST_KEY_UILaunchScreen_Generation = YES;
				INFOPLIST_KEY_UISupportedInterfaceOrientations_iPad = "UIInterfaceOrientationPortrait UIInterfaceOrientationPortraitUpsideDown UIInterfaceOrientationLandscapeLeft UIInterfaceOrientationLandscapeRight";
				INFOPLIST_KEY_UISupportedInterfaceOrientations_iPhone = "UIInterfaceOrientationPortrait UIInterfaceOrientationLandscapeLeft UIInterfaceOrientationLandscapeRight";
				LD_RUNPATH_SEARCH_PATHS = (
					"$(inherited)",
					"@executable_path/Frameworks",
				);
				MARKETING_VERSION = 1.0;
				PRODUCT_BUNDLE_IDENTIFIER = pacs.Testing;
				PRODUCT_NAME = "$(TARGET_NAME)";
				SWIFT_EMIT_LOC_STRINGS = YES;
				SWIFT_VERSION = 5.0;
				TARGETED_DEVICE_FAMILY = "1,2";
			};
			name = Release;
		};
		0EF2E28C2A0E92AE000BA8E1 /* Debug */ = {
			isa = XCBuildConfiguration;
			buildSettings = {
				ALWAYS_EMBED_SWIFT_STANDARD_LIBRARIES = YES;
				BUNDLE_LOADER = "$(TEST_HOST)";
				CODE_SIGN_STYLE = Automatic;
				CURRENT_PROJECT_VERSION = 1;
				GENERATE_INFOPLIST_FILE = YES;
				IPHONEOS_DEPLOYMENT_TARGET = 16.4;
				MARKETING_VERSION = 1.0;
				PRODUCT_BUNDLE_IDENTIFIER = pacs.TestingTests;
				PRODUCT_NAME = "$(TARGET_NAME)";
				SWIFT_EMIT_LOC_STRINGS = NO;
				SWIFT_VERSION = 5.0;
				TARGETED_DEVICE_FAMILY = "1,2";
				TEST_HOST = "$(BUILT_PRODUCTS_DIR)/Testing.app/$(BUNDLE_EXECUTABLE_FOLDER_PATH)/Testing";
			};
			name = Debug;
		};
		0EF2E28D2A0E92AE000BA8E1 /* Release */ = {
			isa = XCBuildConfiguration;
			buildSettings = {
				ALWAYS_EMBED_SWIFT_STANDARD_LIBRARIES = YES;
				BUNDLE_LOADER = "$(TEST_HOST)";
				CODE_SIGN_STYLE = Automatic;
				CURRENT_PROJECT_VERSION = 1;
				GENERATE_INFOPLIST_FILE = YES;
				IPHONEOS_DEPLOYMENT_TARGET = 16.4;
				MARKETING_VERSION = 1.0;
				PRODUCT_BUNDLE_IDENTIFIER = pacs.TestingTests;
				PRODUCT_NAME = "$(TARGET_NAME)";
				SWIFT_EMIT_LOC_STRINGS = NO;
				SWIFT_VERSION = 5.0;
				TARGETED_DEVICE_FAMILY = "1,2";
				TEST_HOST = "$(BUILT_PRODUCTS_DIR)/Testing.app/$(BUNDLE_EXECUTABLE_FOLDER_PATH)/Testing";
			};
			name = Release;
		};
		0EF2E28F2A0E92AE000BA8E1 /* Debug */ = {
			isa = XCBuildConfiguration;
			buildSettings = {
				ALWAYS_EMBED_SWIFT_STANDARD_LIBRARIES = YES;
				CODE_SIGN_STYLE = Automatic;
				CURRENT_PROJECT_VERSION = 1;
				GENERATE_INFOPLIST_FILE = YES;
				MARKETING_VERSION = 1.0;
				PRODUCT_BUNDLE_IDENTIFIER = pacs.TestingUITests;
				PRODUCT_NAME = "$(TARGET_NAME)";
				SWIFT_EMIT_LOC_STRINGS = NO;
				SWIFT_VERSION = 5.0;
				TARGETED_DEVICE_FAMILY = "1,2";
				TEST_TARGET_NAME = Testing;
			};
			name = Debug;
		};
		0EF2E2902A0E92AE000BA8E1 /* Release */ = {
			isa = XCBuildConfiguration;
			buildSettings = {
				ALWAYS_EMBED_SWIFT_STANDARD_LIBRARIES = YES;
				CODE_SIGN_STYLE = Automatic;
				CURRENT_PROJECT_VERSION = 1;
				GENERATE_INFOPLIST_FILE = YES;
				MARKETING_VERSION = 1.0;
				PRODUCT_BUNDLE_IDENTIFIER = pacs.TestingUITests;
				PRODUCT_NAME = "$(TARGET_NAME)";
				SWIFT_EMIT_LOC_STRINGS = NO;
				SWIFT_VERSION = 5.0;
				TARGETED_DEVICE_FAMILY = "1,2";
				TEST_TARGET_NAME = Testing;
			};
			name = Release;
		};
/* End XCBuildConfiguration section */

/* Begin XCConfigurationList section */
		0EF2E25F2A0E92AD000BA8E1 /* Build configuration list for PBXProject "Testing" */ = {
			isa = XCConfigurationList;
			buildConfigurations = (
				0EF2E2862A0E92AE000BA8E1 /* Debug */,
				0EF2E2872A0E92AE000BA8E1 /* Release */,
			);
			defaultConfigurationIsVisible = 0;
			defaultConfigurationName = Release;
		};
		0EF2E2882A0E92AE000BA8E1 /* Build configuration list for PBXNativeTarget "Testing" */ = {
			isa = XCConfigurationList;
			buildConfigurations = (
				0EF2E2892A0E92AE000BA8E1 /* Debug */,
				0EF2E28A2A0E92AE000BA8E1 /* Release */,
			);
			defaultConfigurationIsVisible = 0;
			defaultConfigurationName = Release;
		};
		0EF2E28B2A0E92AE000BA8E1 /* Build configuration list for PBXNativeTarget "TestingTests" */ = {
			isa = XCConfigurationList;
			buildConfigurations = (
				0EF2E28C2A0E92AE000BA8E1 /* Debug */,
				0EF2E28D2A0E92AE000BA8E1 /* Release */,
			);
			defaultConfigurationIsVisible = 0;
			defaultConfigurationName = Release;
		};
		0EF2E28E2A0E92AE000BA8E1 /* Build configuration list for PBXNativeTarget "TestingUITests" */ = {
			isa = XCConfigurationList;
			buildConfigurations = (
				0EF2E28F2A0E92AE000BA8E1 /* Debug */,
				0EF2E2902A0E92AE000BA8E1 /* Release */,
			);
			defaultConfigurationIsVisible = 0;
			defaultConfigurationName = Release;
		};
/* End XCConfigurationList section */
	};
	rootObject = 0EF2E25C2A0E92AD000BA8E1 /* Project object */;
}
